
Microsoft Visual Studio Solution File, Format Version 12.00
# Visual Studio 15
VisualStudioVersion = 15.0.26124.0
MinimumVisualStudioVersion = 15.0.26124.0
Project("{FAE04EC0-301F-11D3-BF4B-00C04F79EFBC}") = "NCoreUtils.OAuth2.LoginProvider.Abstractions", "NCoreUtils.OAuth2.LoginProvider.Abstractions\NCoreUtils.OAuth2.LoginProvider.Abstractions.csproj", "{16464C37-52E0-4068-8E90-5679768956EE}"
EndProject
Project("{FAE04EC0-301F-11D3-BF4B-00C04F79EFBC}") = "NCoreUtils.OAuth2.LoginProvider.AspNetCore.Shared", "NCoreUtils.OAuth2.LoginProvider.AspNetCore.Shared\NCoreUtils.OAuth2.LoginProvider.AspNetCore.Shared.csproj", "{018F1AE9-95D0-40C6-8D62-51BC1BF580B4}"
EndProject
Project("{FAE04EC0-301F-11D3-BF4B-00C04F79EFBC}") = "NCoreUtils.OAuth2.LoginProvider.AspNetCore", "NCoreUtils.OAuth2.LoginProvider.AspNetCore\NCoreUtils.OAuth2.LoginProvider.AspNetCore.csproj", "{2526A0A3-7269-43C6-A052-16D1E6D24EC4}"
EndProject
Project("{FAE04EC0-301F-11D3-BF4B-00C04F79EFBC}") = "NCoreUtils.OAuth2.LoginProvider.Data.Abstractions", "NCoreUtils.OAuth2.LoginProvider.Data.Abstractions\NCoreUtils.OAuth2.LoginProvider.Data.Abstractions.csproj", "{8645D51C-8B23-470F-A1A4-62D4C59F1947}"
EndProject
Project("{FAE04EC0-301F-11D3-BF4B-00C04F79EFBC}") = "NCoreUtils.OAuth2.LoginProvider.Data", "NCoreUtils.OAuth2.LoginProvider.Data\NCoreUtils.OAuth2.LoginProvider.Data.csproj", "{5EAA3079-9E85-434D-A0BC-B8139DF5E7C4}"
EndProject
Project("{FAE04EC0-301F-11D3-BF4B-00C04F79EFBC}") = "NCoreUtils.OAuth2.TokenService.Abstractions", "NCoreUtils.OAuth2.TokenService.Abstractions\NCoreUtils.OAuth2.TokenService.Abstractions.csproj", "{166222CF-6F75-4868-838F-7C199EBB2E53}"
EndProject
Project("{FAE04EC0-301F-11D3-BF4B-00C04F79EFBC}") = "NCoreUtils.OAuth2.Abstractions", "NCoreUtils.OAuth2.Abstractions\NCoreUtils.OAuth2.Abstractions.csproj", "{E91C7E76-1C11-4E8D-BA55-6FAA0D51AE5E}"
EndProject
Project("{FAE04EC0-301F-11D3-BF4B-00C04F79EFBC}") = "NCoreUtils.OAuth2.TokenService.Shared", "NCoreUtils.OAuth2.TokenService.Shared\NCoreUtils.OAuth2.TokenService.Shared.csproj", "{BF0F6A9E-E91D-4B78-86FB-A6F2744F4D8D}"
EndProject
Project("{FAE04EC0-301F-11D3-BF4B-00C04F79EFBC}") = "NCoreUtils.OAuth2.TokenService.Internal.Abstractions", "NCoreUtils.OAuth2.TokenService.Internal.Abstractions\NCoreUtils.OAuth2.TokenService.Internal.Abstractions.csproj", "{B7004B68-1653-4C4F-8967-B989D5FC8700}"
EndProject
Project("{FAE04EC0-301F-11D3-BF4B-00C04F79EFBC}") = "NCoreUtils.OAuth2.TokenService", "NCoreUtils.OAuth2.TokenService\NCoreUtils.OAuth2.TokenService.csproj", "{1C79A9F3-61CE-42AB-B92A-70F2CC4BFBFD}"
EndProject
Project("{FAE04EC0-301F-11D3-BF4B-00C04F79EFBC}") = "NCoreUtils.OAuth2.Unit", "NCoreUtils.OAuth2.Unit\NCoreUtils.OAuth2.Unit.csproj", "{8A57C469-E406-4D6F-8A0B-6B18BB3ABC17}"
EndProject
Project("{FAE04EC0-301F-11D3-BF4B-00C04F79EFBC}") = "NCoreUtils.AspNetCore.OAuth2", "NCoreUtils.AspNetCore.OAuth2\NCoreUtils.AspNetCore.OAuth2.csproj", "{4D7A8B81-63A3-4619-91CD-EF17440142EE}"
EndProject
Project("{FAE04EC0-301F-11D3-BF4B-00C04F79EFBC}") = "NCoreUtils.AspNetCore.OAuth2.Abstractions", "NCoreUtils.AspNetCore.OAuth2.Abstractions\NCoreUtils.AspNetCore.OAuth2.Abstractions.csproj", "{4379726D-30F4-4578-9D84-4FA3A3044A9D}"
EndProject
Project("{FAE04EC0-301F-11D3-BF4B-00C04F79EFBC}") = "NCoreUtils.AspNetCore.OAuth2.Standalone", "NCoreUtils.AspNetCore.OAuth2.Standalone\NCoreUtils.AspNetCore.OAuth2.Standalone.csproj", "{A3C56E16-CD01-4D25-AF42-70F2FC19BA36}"
EndProject
Project("{FAE04EC0-301F-11D3-BF4B-00C04F79EFBC}") = "NCoreUtils.OAuth2.TokenService.TokenRepositories.GoogleCloudFirestore", "NCoreUtils.OAuth2.TokenService.TokenRepositories.GoogleCloudFirestore\NCoreUtils.OAuth2.TokenService.TokenRepositories.GoogleCloudFirestore.csproj", "{098EBFA6-25E7-4D0E-88BF-C6D2152E1284}"
EndProject
Project("{FAE04EC0-301F-11D3-BF4B-00C04F79EFBC}") = "NCoreUtils.OAuth2.TokenService.TokenRepositories.EntityFrameworkCore", "NCoreUtils.OAuth2.TokenService.TokenRepositories.EntityFrameworkCore\NCoreUtils.OAuth2.TokenService.TokenRepositories.EntityFrameworkCore.csproj", "{FC2A41CE-B96D-429E-B74B-9E07DBD5F7E5}"
EndProject
Project("{FAE04EC0-301F-11D3-BF4B-00C04F79EFBC}") = "NCoreUtils.AspNetCore.OAuth2.Standalone.MySQL", "NCoreUtils.AspNetCore.OAuth2.Standalone.MySQL\NCoreUtils.AspNetCore.OAuth2.Standalone.MySQL.csproj", "{D9A3876D-26A5-4C56-A126-D4B5ED575C1B}"
EndProject
Project("{FAE04EC0-301F-11D3-BF4B-00C04F79EFBC}") = "NCoreUtils.AspNetCore.OAuth2.Standalone.Npgsql", "NCoreUtils.AspNetCore.OAuth2.Standalone.Npgsql\NCoreUtils.AspNetCore.OAuth2.Standalone.Npgsql.csproj", "{5BC1E1F1-C3C0-486A-B390-E6F55E8F2632}"
EndProject
Project("{FAE04EC0-301F-11D3-BF4B-00C04F79EFBC}") = "NCoreUtils.OAuth2.TokenService.Encryption.Aes", "NCoreUtils.OAuth2.TokenService.Encryption.Aes\NCoreUtils.OAuth2.TokenService.Encryption.Aes.csproj", "{683A8D1E-8099-417D-A645-D05C2390EB75}"
EndProject
Project("{FAE04EC0-301F-11D3-BF4B-00C04F79EFBC}") = "NCoreUtils.OAuth2.LoginProvider.Shared", "NCoreUtils.OAuth2.LoginProvider.Shared\NCoreUtils.OAuth2.LoginProvider.Shared.csproj", "{7B1E8711-9C2F-4292-AA6B-8FF8DB485ED6}"
EndProject
Project("{FAE04EC0-301F-11D3-BF4B-00C04F79EFBC}") = "NCoreUtils.OAuth2.LoginProvider.Client", "NCoreUtils.OAuth2.LoginProvider.Client\NCoreUtils.OAuth2.LoginProvider.Client.csproj", "{73392ED8-3999-4E56-A762-193FDB2F4779}"
EndProject
Project("{FAE04EC0-301F-11D3-BF4B-00C04F79EFBC}") = "NCoreUtils.OAuth2.TokenService.Client", "NCoreUtils.OAuth2.TokenService.Client\NCoreUtils.OAuth2.TokenService.Client.csproj", "{C0D8EA85-6EDD-4E1C-A888-6BBB484E2D95}"
EndProject
Project("{FAE04EC0-301F-11D3-BF4B-00C04F79EFBC}") = "NCoreUtils.OAuth2.TokenService.AspNetCore", "NCoreUtils.OAuth2.TokenService.AspNetCore\NCoreUtils.OAuth2.TokenService.AspNetCore.csproj", "{98E0B2EB-BFD2-4207-AAEC-FDD62BB175E1}"
EndProject
Global
	GlobalSection(SolutionConfigurationPlatforms) = preSolution
		Debug|Any CPU = Debug|Any CPU
		Debug|x64 = Debug|x64
		Debug|x86 = Debug|x86
		Release|Any CPU = Release|Any CPU
		Release|x64 = Release|x64
		Release|x86 = Release|x86
	EndGlobalSection
	GlobalSection(SolutionProperties) = preSolution
		HideSolutionNode = FALSE
	EndGlobalSection
	GlobalSection(ProjectConfigurationPlatforms) = postSolution
		{16464C37-52E0-4068-8E90-5679768956EE}.Debug|Any CPU.ActiveCfg = Debug|Any CPU
		{16464C37-52E0-4068-8E90-5679768956EE}.Debug|Any CPU.Build.0 = Debug|Any CPU
		{16464C37-52E0-4068-8E90-5679768956EE}.Debug|x64.ActiveCfg = Debug|Any CPU
		{16464C37-52E0-4068-8E90-5679768956EE}.Debug|x64.Build.0 = Debug|Any CPU
		{16464C37-52E0-4068-8E90-5679768956EE}.Debug|x86.ActiveCfg = Debug|Any CPU
		{16464C37-52E0-4068-8E90-5679768956EE}.Debug|x86.Build.0 = Debug|Any CPU
		{16464C37-52E0-4068-8E90-5679768956EE}.Release|Any CPU.ActiveCfg = Release|Any CPU
		{16464C37-52E0-4068-8E90-5679768956EE}.Release|Any CPU.Build.0 = Release|Any CPU
		{16464C37-52E0-4068-8E90-5679768956EE}.Release|x64.ActiveCfg = Release|Any CPU
		{16464C37-52E0-4068-8E90-5679768956EE}.Release|x64.Build.0 = Release|Any CPU
		{16464C37-52E0-4068-8E90-5679768956EE}.Release|x86.ActiveCfg = Release|Any CPU
		{16464C37-52E0-4068-8E90-5679768956EE}.Release|x86.Build.0 = Release|Any CPU
		{018F1AE9-95D0-40C6-8D62-51BC1BF580B4}.Debug|Any CPU.ActiveCfg = Debug|Any CPU
		{018F1AE9-95D0-40C6-8D62-51BC1BF580B4}.Debug|Any CPU.Build.0 = Debug|Any CPU
		{018F1AE9-95D0-40C6-8D62-51BC1BF580B4}.Debug|x64.ActiveCfg = Debug|Any CPU
		{018F1AE9-95D0-40C6-8D62-51BC1BF580B4}.Debug|x64.Build.0 = Debug|Any CPU
		{018F1AE9-95D0-40C6-8D62-51BC1BF580B4}.Debug|x86.ActiveCfg = Debug|Any CPU
		{018F1AE9-95D0-40C6-8D62-51BC1BF580B4}.Debug|x86.Build.0 = Debug|Any CPU
		{018F1AE9-95D0-40C6-8D62-51BC1BF580B4}.Release|Any CPU.ActiveCfg = Release|Any CPU
		{018F1AE9-95D0-40C6-8D62-51BC1BF580B4}.Release|Any CPU.Build.0 = Release|Any CPU
		{018F1AE9-95D0-40C6-8D62-51BC1BF580B4}.Release|x64.ActiveCfg = Release|Any CPU
		{018F1AE9-95D0-40C6-8D62-51BC1BF580B4}.Release|x64.Build.0 = Release|Any CPU
		{018F1AE9-95D0-40C6-8D62-51BC1BF580B4}.Release|x86.ActiveCfg = Release|Any CPU
		{018F1AE9-95D0-40C6-8D62-51BC1BF580B4}.Release|x86.Build.0 = Release|Any CPU
		{2526A0A3-7269-43C6-A052-16D1E6D24EC4}.Debug|Any CPU.ActiveCfg = Debug|Any CPU
		{2526A0A3-7269-43C6-A052-16D1E6D24EC4}.Debug|Any CPU.Build.0 = Debug|Any CPU
		{2526A0A3-7269-43C6-A052-16D1E6D24EC4}.Debug|x64.ActiveCfg = Debug|Any CPU
		{2526A0A3-7269-43C6-A052-16D1E6D24EC4}.Debug|x64.Build.0 = Debug|Any CPU
		{2526A0A3-7269-43C6-A052-16D1E6D24EC4}.Debug|x86.ActiveCfg = Debug|Any CPU
		{2526A0A3-7269-43C6-A052-16D1E6D24EC4}.Debug|x86.Build.0 = Debug|Any CPU
		{2526A0A3-7269-43C6-A052-16D1E6D24EC4}.Release|Any CPU.ActiveCfg = Release|Any CPU
		{2526A0A3-7269-43C6-A052-16D1E6D24EC4}.Release|Any CPU.Build.0 = Release|Any CPU
		{2526A0A3-7269-43C6-A052-16D1E6D24EC4}.Release|x64.ActiveCfg = Release|Any CPU
		{2526A0A3-7269-43C6-A052-16D1E6D24EC4}.Release|x64.Build.0 = Release|Any CPU
		{2526A0A3-7269-43C6-A052-16D1E6D24EC4}.Release|x86.ActiveCfg = Release|Any CPU
		{2526A0A3-7269-43C6-A052-16D1E6D24EC4}.Release|x86.Build.0 = Release|Any CPU
		{8645D51C-8B23-470F-A1A4-62D4C59F1947}.Debug|Any CPU.ActiveCfg = Debug|Any CPU
		{8645D51C-8B23-470F-A1A4-62D4C59F1947}.Debug|Any CPU.Build.0 = Debug|Any CPU
		{8645D51C-8B23-470F-A1A4-62D4C59F1947}.Debug|x64.ActiveCfg = Debug|Any CPU
		{8645D51C-8B23-470F-A1A4-62D4C59F1947}.Debug|x64.Build.0 = Debug|Any CPU
		{8645D51C-8B23-470F-A1A4-62D4C59F1947}.Debug|x86.ActiveCfg = Debug|Any CPU
		{8645D51C-8B23-470F-A1A4-62D4C59F1947}.Debug|x86.Build.0 = Debug|Any CPU
		{8645D51C-8B23-470F-A1A4-62D4C59F1947}.Release|Any CPU.ActiveCfg = Release|Any CPU
		{8645D51C-8B23-470F-A1A4-62D4C59F1947}.Release|Any CPU.Build.0 = Release|Any CPU
		{8645D51C-8B23-470F-A1A4-62D4C59F1947}.Release|x64.ActiveCfg = Release|Any CPU
		{8645D51C-8B23-470F-A1A4-62D4C59F1947}.Release|x64.Build.0 = Release|Any CPU
		{8645D51C-8B23-470F-A1A4-62D4C59F1947}.Release|x86.ActiveCfg = Release|Any CPU
		{8645D51C-8B23-470F-A1A4-62D4C59F1947}.Release|x86.Build.0 = Release|Any CPU
		{5EAA3079-9E85-434D-A0BC-B8139DF5E7C4}.Debug|Any CPU.ActiveCfg = Debug|Any CPU
		{5EAA3079-9E85-434D-A0BC-B8139DF5E7C4}.Debug|Any CPU.Build.0 = Debug|Any CPU
		{5EAA3079-9E85-434D-A0BC-B8139DF5E7C4}.Debug|x64.ActiveCfg = Debug|Any CPU
		{5EAA3079-9E85-434D-A0BC-B8139DF5E7C4}.Debug|x64.Build.0 = Debug|Any CPU
		{5EAA3079-9E85-434D-A0BC-B8139DF5E7C4}.Debug|x86.ActiveCfg = Debug|Any CPU
		{5EAA3079-9E85-434D-A0BC-B8139DF5E7C4}.Debug|x86.Build.0 = Debug|Any CPU
		{5EAA3079-9E85-434D-A0BC-B8139DF5E7C4}.Release|Any CPU.ActiveCfg = Release|Any CPU
		{5EAA3079-9E85-434D-A0BC-B8139DF5E7C4}.Release|Any CPU.Build.0 = Release|Any CPU
		{5EAA3079-9E85-434D-A0BC-B8139DF5E7C4}.Release|x64.ActiveCfg = Release|Any CPU
		{5EAA3079-9E85-434D-A0BC-B8139DF5E7C4}.Release|x64.Build.0 = Release|Any CPU
		{5EAA3079-9E85-434D-A0BC-B8139DF5E7C4}.Release|x86.ActiveCfg = Release|Any CPU
		{5EAA3079-9E85-434D-A0BC-B8139DF5E7C4}.Release|x86.Build.0 = Release|Any CPU
		{166222CF-6F75-4868-838F-7C199EBB2E53}.Debug|Any CPU.ActiveCfg = Debug|Any CPU
		{166222CF-6F75-4868-838F-7C199EBB2E53}.Debug|Any CPU.Build.0 = Debug|Any CPU
		{166222CF-6F75-4868-838F-7C199EBB2E53}.Debug|x64.ActiveCfg = Debug|Any CPU
		{166222CF-6F75-4868-838F-7C199EBB2E53}.Debug|x64.Build.0 = Debug|Any CPU
		{166222CF-6F75-4868-838F-7C199EBB2E53}.Debug|x86.ActiveCfg = Debug|Any CPU
		{166222CF-6F75-4868-838F-7C199EBB2E53}.Debug|x86.Build.0 = Debug|Any CPU
		{166222CF-6F75-4868-838F-7C199EBB2E53}.Release|Any CPU.ActiveCfg = Release|Any CPU
		{166222CF-6F75-4868-838F-7C199EBB2E53}.Release|Any CPU.Build.0 = Release|Any CPU
		{166222CF-6F75-4868-838F-7C199EBB2E53}.Release|x64.ActiveCfg = Release|Any CPU
		{166222CF-6F75-4868-838F-7C199EBB2E53}.Release|x64.Build.0 = Release|Any CPU
		{166222CF-6F75-4868-838F-7C199EBB2E53}.Release|x86.ActiveCfg = Release|Any CPU
		{166222CF-6F75-4868-838F-7C199EBB2E53}.Release|x86.Build.0 = Release|Any CPU
		{E91C7E76-1C11-4E8D-BA55-6FAA0D51AE5E}.Debug|Any CPU.ActiveCfg = Debug|Any CPU
		{E91C7E76-1C11-4E8D-BA55-6FAA0D51AE5E}.Debug|Any CPU.Build.0 = Debug|Any CPU
		{E91C7E76-1C11-4E8D-BA55-6FAA0D51AE5E}.Debug|x64.ActiveCfg = Debug|Any CPU
		{E91C7E76-1C11-4E8D-BA55-6FAA0D51AE5E}.Debug|x64.Build.0 = Debug|Any CPU
		{E91C7E76-1C11-4E8D-BA55-6FAA0D51AE5E}.Debug|x86.ActiveCfg = Debug|Any CPU
		{E91C7E76-1C11-4E8D-BA55-6FAA0D51AE5E}.Debug|x86.Build.0 = Debug|Any CPU
		{E91C7E76-1C11-4E8D-BA55-6FAA0D51AE5E}.Release|Any CPU.ActiveCfg = Release|Any CPU
		{E91C7E76-1C11-4E8D-BA55-6FAA0D51AE5E}.Release|Any CPU.Build.0 = Release|Any CPU
		{E91C7E76-1C11-4E8D-BA55-6FAA0D51AE5E}.Release|x64.ActiveCfg = Release|Any CPU
		{E91C7E76-1C11-4E8D-BA55-6FAA0D51AE5E}.Release|x64.Build.0 = Release|Any CPU
		{E91C7E76-1C11-4E8D-BA55-6FAA0D51AE5E}.Release|x86.ActiveCfg = Release|Any CPU
		{E91C7E76-1C11-4E8D-BA55-6FAA0D51AE5E}.Release|x86.Build.0 = Release|Any CPU
		{BF0F6A9E-E91D-4B78-86FB-A6F2744F4D8D}.Debug|Any CPU.ActiveCfg = Debug|Any CPU
		{BF0F6A9E-E91D-4B78-86FB-A6F2744F4D8D}.Debug|Any CPU.Build.0 = Debug|Any CPU
		{BF0F6A9E-E91D-4B78-86FB-A6F2744F4D8D}.Debug|x64.ActiveCfg = Debug|Any CPU
		{BF0F6A9E-E91D-4B78-86FB-A6F2744F4D8D}.Debug|x64.Build.0 = Debug|Any CPU
		{BF0F6A9E-E91D-4B78-86FB-A6F2744F4D8D}.Debug|x86.ActiveCfg = Debug|Any CPU
		{BF0F6A9E-E91D-4B78-86FB-A6F2744F4D8D}.Debug|x86.Build.0 = Debug|Any CPU
		{BF0F6A9E-E91D-4B78-86FB-A6F2744F4D8D}.Release|Any CPU.ActiveCfg = Release|Any CPU
		{BF0F6A9E-E91D-4B78-86FB-A6F2744F4D8D}.Release|Any CPU.Build.0 = Release|Any CPU
		{BF0F6A9E-E91D-4B78-86FB-A6F2744F4D8D}.Release|x64.ActiveCfg = Release|Any CPU
		{BF0F6A9E-E91D-4B78-86FB-A6F2744F4D8D}.Release|x64.Build.0 = Release|Any CPU
		{BF0F6A9E-E91D-4B78-86FB-A6F2744F4D8D}.Release|x86.ActiveCfg = Release|Any CPU
		{BF0F6A9E-E91D-4B78-86FB-A6F2744F4D8D}.Release|x86.Build.0 = Release|Any CPU
		{B7004B68-1653-4C4F-8967-B989D5FC8700}.Debug|Any CPU.ActiveCfg = Debug|Any CPU
		{B7004B68-1653-4C4F-8967-B989D5FC8700}.Debug|Any CPU.Build.0 = Debug|Any CPU
		{B7004B68-1653-4C4F-8967-B989D5FC8700}.Debug|x64.ActiveCfg = Debug|Any CPU
		{B7004B68-1653-4C4F-8967-B989D5FC8700}.Debug|x64.Build.0 = Debug|Any CPU
		{B7004B68-1653-4C4F-8967-B989D5FC8700}.Debug|x86.ActiveCfg = Debug|Any CPU
		{B7004B68-1653-4C4F-8967-B989D5FC8700}.Debug|x86.Build.0 = Debug|Any CPU
		{B7004B68-1653-4C4F-8967-B989D5FC8700}.Release|Any CPU.ActiveCfg = Release|Any CPU
		{B7004B68-1653-4C4F-8967-B989D5FC8700}.Release|Any CPU.Build.0 = Release|Any CPU
		{B7004B68-1653-4C4F-8967-B989D5FC8700}.Release|x64.ActiveCfg = Release|Any CPU
		{B7004B68-1653-4C4F-8967-B989D5FC8700}.Release|x64.Build.0 = Release|Any CPU
		{B7004B68-1653-4C4F-8967-B989D5FC8700}.Release|x86.ActiveCfg = Release|Any CPU
		{B7004B68-1653-4C4F-8967-B989D5FC8700}.Release|x86.Build.0 = Release|Any CPU
		{1C79A9F3-61CE-42AB-B92A-70F2CC4BFBFD}.Debug|Any CPU.ActiveCfg = Debug|Any CPU
		{1C79A9F3-61CE-42AB-B92A-70F2CC4BFBFD}.Debug|Any CPU.Build.0 = Debug|Any CPU
		{1C79A9F3-61CE-42AB-B92A-70F2CC4BFBFD}.Debug|x64.ActiveCfg = Debug|Any CPU
		{1C79A9F3-61CE-42AB-B92A-70F2CC4BFBFD}.Debug|x64.Build.0 = Debug|Any CPU
		{1C79A9F3-61CE-42AB-B92A-70F2CC4BFBFD}.Debug|x86.ActiveCfg = Debug|Any CPU
		{1C79A9F3-61CE-42AB-B92A-70F2CC4BFBFD}.Debug|x86.Build.0 = Debug|Any CPU
		{1C79A9F3-61CE-42AB-B92A-70F2CC4BFBFD}.Release|Any CPU.ActiveCfg = Release|Any CPU
		{1C79A9F3-61CE-42AB-B92A-70F2CC4BFBFD}.Release|Any CPU.Build.0 = Release|Any CPU
		{1C79A9F3-61CE-42AB-B92A-70F2CC4BFBFD}.Release|x64.ActiveCfg = Release|Any CPU
		{1C79A9F3-61CE-42AB-B92A-70F2CC4BFBFD}.Release|x64.Build.0 = Release|Any CPU
		{1C79A9F3-61CE-42AB-B92A-70F2CC4BFBFD}.Release|x86.ActiveCfg = Release|Any CPU
		{1C79A9F3-61CE-42AB-B92A-70F2CC4BFBFD}.Release|x86.Build.0 = Release|Any CPU
		{8A57C469-E406-4D6F-8A0B-6B18BB3ABC17}.Debug|Any CPU.ActiveCfg = Debug|Any CPU
		{8A57C469-E406-4D6F-8A0B-6B18BB3ABC17}.Debug|Any CPU.Build.0 = Debug|Any CPU
		{8A57C469-E406-4D6F-8A0B-6B18BB3ABC17}.Debug|x64.ActiveCfg = Debug|Any CPU
		{8A57C469-E406-4D6F-8A0B-6B18BB3ABC17}.Debug|x64.Build.0 = Debug|Any CPU
		{8A57C469-E406-4D6F-8A0B-6B18BB3ABC17}.Debug|x86.ActiveCfg = Debug|Any CPU
		{8A57C469-E406-4D6F-8A0B-6B18BB3ABC17}.Debug|x86.Build.0 = Debug|Any CPU
		{8A57C469-E406-4D6F-8A0B-6B18BB3ABC17}.Release|Any CPU.ActiveCfg = Release|Any CPU
		{8A57C469-E406-4D6F-8A0B-6B18BB3ABC17}.Release|Any CPU.Build.0 = Release|Any CPU
		{8A57C469-E406-4D6F-8A0B-6B18BB3ABC17}.Release|x64.ActiveCfg = Release|Any CPU
		{8A57C469-E406-4D6F-8A0B-6B18BB3ABC17}.Release|x64.Build.0 = Release|Any CPU
		{8A57C469-E406-4D6F-8A0B-6B18BB3ABC17}.Release|x86.ActiveCfg = Release|Any CPU
		{8A57C469-E406-4D6F-8A0B-6B18BB3ABC17}.Release|x86.Build.0 = Release|Any CPU
		{4D7A8B81-63A3-4619-91CD-EF17440142EE}.Debug|Any CPU.ActiveCfg = Debug|Any CPU
		{4D7A8B81-63A3-4619-91CD-EF17440142EE}.Debug|Any CPU.Build.0 = Debug|Any CPU
		{4D7A8B81-63A3-4619-91CD-EF17440142EE}.Debug|x64.ActiveCfg = Debug|Any CPU
		{4D7A8B81-63A3-4619-91CD-EF17440142EE}.Debug|x64.Build.0 = Debug|Any CPU
		{4D7A8B81-63A3-4619-91CD-EF17440142EE}.Debug|x86.ActiveCfg = Debug|Any CPU
		{4D7A8B81-63A3-4619-91CD-EF17440142EE}.Debug|x86.Build.0 = Debug|Any CPU
		{4D7A8B81-63A3-4619-91CD-EF17440142EE}.Release|Any CPU.ActiveCfg = Release|Any CPU
		{4D7A8B81-63A3-4619-91CD-EF17440142EE}.Release|Any CPU.Build.0 = Release|Any CPU
		{4D7A8B81-63A3-4619-91CD-EF17440142EE}.Release|x64.ActiveCfg = Release|Any CPU
		{4D7A8B81-63A3-4619-91CD-EF17440142EE}.Release|x64.Build.0 = Release|Any CPU
		{4D7A8B81-63A3-4619-91CD-EF17440142EE}.Release|x86.ActiveCfg = Release|Any CPU
		{4D7A8B81-63A3-4619-91CD-EF17440142EE}.Release|x86.Build.0 = Release|Any CPU
		{4379726D-30F4-4578-9D84-4FA3A3044A9D}.Debug|Any CPU.ActiveCfg = Debug|Any CPU
		{4379726D-30F4-4578-9D84-4FA3A3044A9D}.Debug|Any CPU.Build.0 = Debug|Any CPU
		{4379726D-30F4-4578-9D84-4FA3A3044A9D}.Debug|x64.ActiveCfg = Debug|Any CPU
		{4379726D-30F4-4578-9D84-4FA3A3044A9D}.Debug|x64.Build.0 = Debug|Any CPU
		{4379726D-30F4-4578-9D84-4FA3A3044A9D}.Debug|x86.ActiveCfg = Debug|Any CPU
		{4379726D-30F4-4578-9D84-4FA3A3044A9D}.Debug|x86.Build.0 = Debug|Any CPU
		{4379726D-30F4-4578-9D84-4FA3A3044A9D}.Release|Any CPU.ActiveCfg = Release|Any CPU
		{4379726D-30F4-4578-9D84-4FA3A3044A9D}.Release|Any CPU.Build.0 = Release|Any CPU
		{4379726D-30F4-4578-9D84-4FA3A3044A9D}.Release|x64.ActiveCfg = Release|Any CPU
		{4379726D-30F4-4578-9D84-4FA3A3044A9D}.Release|x64.Build.0 = Release|Any CPU
		{4379726D-30F4-4578-9D84-4FA3A3044A9D}.Release|x86.ActiveCfg = Release|Any CPU
		{4379726D-30F4-4578-9D84-4FA3A3044A9D}.Release|x86.Build.0 = Release|Any CPU
		{A3C56E16-CD01-4D25-AF42-70F2FC19BA36}.Debug|Any CPU.ActiveCfg = Debug|Any CPU
		{A3C56E16-CD01-4D25-AF42-70F2FC19BA36}.Debug|Any CPU.Build.0 = Debug|Any CPU
		{A3C56E16-CD01-4D25-AF42-70F2FC19BA36}.Debug|x64.ActiveCfg = Debug|Any CPU
		{A3C56E16-CD01-4D25-AF42-70F2FC19BA36}.Debug|x64.Build.0 = Debug|Any CPU
		{A3C56E16-CD01-4D25-AF42-70F2FC19BA36}.Debug|x86.ActiveCfg = Debug|Any CPU
		{A3C56E16-CD01-4D25-AF42-70F2FC19BA36}.Debug|x86.Build.0 = Debug|Any CPU
		{A3C56E16-CD01-4D25-AF42-70F2FC19BA36}.Release|Any CPU.ActiveCfg = Release|Any CPU
		{A3C56E16-CD01-4D25-AF42-70F2FC19BA36}.Release|Any CPU.Build.0 = Release|Any CPU
		{A3C56E16-CD01-4D25-AF42-70F2FC19BA36}.Release|x64.ActiveCfg = Release|Any CPU
		{A3C56E16-CD01-4D25-AF42-70F2FC19BA36}.Release|x64.Build.0 = Release|Any CPU
		{A3C56E16-CD01-4D25-AF42-70F2FC19BA36}.Release|x86.ActiveCfg = Release|Any CPU
		{A3C56E16-CD01-4D25-AF42-70F2FC19BA36}.Release|x86.Build.0 = Release|Any CPU
		{098EBFA6-25E7-4D0E-88BF-C6D2152E1284}.Debug|Any CPU.ActiveCfg = Debug|Any CPU
		{098EBFA6-25E7-4D0E-88BF-C6D2152E1284}.Debug|Any CPU.Build.0 = Debug|Any CPU
		{098EBFA6-25E7-4D0E-88BF-C6D2152E1284}.Debug|x64.ActiveCfg = Debug|Any CPU
		{098EBFA6-25E7-4D0E-88BF-C6D2152E1284}.Debug|x64.Build.0 = Debug|Any CPU
		{098EBFA6-25E7-4D0E-88BF-C6D2152E1284}.Debug|x86.ActiveCfg = Debug|Any CPU
		{098EBFA6-25E7-4D0E-88BF-C6D2152E1284}.Debug|x86.Build.0 = Debug|Any CPU
		{098EBFA6-25E7-4D0E-88BF-C6D2152E1284}.Release|Any CPU.ActiveCfg = Release|Any CPU
		{098EBFA6-25E7-4D0E-88BF-C6D2152E1284}.Release|Any CPU.Build.0 = Release|Any CPU
		{098EBFA6-25E7-4D0E-88BF-C6D2152E1284}.Release|x64.ActiveCfg = Release|Any CPU
		{098EBFA6-25E7-4D0E-88BF-C6D2152E1284}.Release|x64.Build.0 = Release|Any CPU
		{098EBFA6-25E7-4D0E-88BF-C6D2152E1284}.Release|x86.ActiveCfg = Release|Any CPU
		{098EBFA6-25E7-4D0E-88BF-C6D2152E1284}.Release|x86.Build.0 = Release|Any CPU
		{FC2A41CE-B96D-429E-B74B-9E07DBD5F7E5}.Debug|Any CPU.ActiveCfg = Debug|Any CPU
		{FC2A41CE-B96D-429E-B74B-9E07DBD5F7E5}.Debug|Any CPU.Build.0 = Debug|Any CPU
		{FC2A41CE-B96D-429E-B74B-9E07DBD5F7E5}.Debug|x64.ActiveCfg = Debug|Any CPU
		{FC2A41CE-B96D-429E-B74B-9E07DBD5F7E5}.Debug|x64.Build.0 = Debug|Any CPU
		{FC2A41CE-B96D-429E-B74B-9E07DBD5F7E5}.Debug|x86.ActiveCfg = Debug|Any CPU
		{FC2A41CE-B96D-429E-B74B-9E07DBD5F7E5}.Debug|x86.Build.0 = Debug|Any CPU
		{FC2A41CE-B96D-429E-B74B-9E07DBD5F7E5}.Release|Any CPU.ActiveCfg = Release|Any CPU
		{FC2A41CE-B96D-429E-B74B-9E07DBD5F7E5}.Release|Any CPU.Build.0 = Release|Any CPU
		{FC2A41CE-B96D-429E-B74B-9E07DBD5F7E5}.Release|x64.ActiveCfg = Release|Any CPU
		{FC2A41CE-B96D-429E-B74B-9E07DBD5F7E5}.Release|x64.Build.0 = Release|Any CPU
		{FC2A41CE-B96D-429E-B74B-9E07DBD5F7E5}.Release|x86.ActiveCfg = Release|Any CPU
		{FC2A41CE-B96D-429E-B74B-9E07DBD5F7E5}.Release|x86.Build.0 = Release|Any CPU
		{D9A3876D-26A5-4C56-A126-D4B5ED575C1B}.Debug|Any CPU.ActiveCfg = Debug|Any CPU
		{D9A3876D-26A5-4C56-A126-D4B5ED575C1B}.Debug|Any CPU.Build.0 = Debug|Any CPU
		{D9A3876D-26A5-4C56-A126-D4B5ED575C1B}.Debug|x64.ActiveCfg = Debug|Any CPU
		{D9A3876D-26A5-4C56-A126-D4B5ED575C1B}.Debug|x64.Build.0 = Debug|Any CPU
		{D9A3876D-26A5-4C56-A126-D4B5ED575C1B}.Debug|x86.ActiveCfg = Debug|Any CPU
		{D9A3876D-26A5-4C56-A126-D4B5ED575C1B}.Debug|x86.Build.0 = Debug|Any CPU
		{D9A3876D-26A5-4C56-A126-D4B5ED575C1B}.Release|Any CPU.ActiveCfg = Release|Any CPU
		{D9A3876D-26A5-4C56-A126-D4B5ED575C1B}.Release|Any CPU.Build.0 = Release|Any CPU
		{D9A3876D-26A5-4C56-A126-D4B5ED575C1B}.Release|x64.ActiveCfg = Release|Any CPU
		{D9A3876D-26A5-4C56-A126-D4B5ED575C1B}.Release|x64.Build.0 = Release|Any CPU
		{D9A3876D-26A5-4C56-A126-D4B5ED575C1B}.Release|x86.ActiveCfg = Release|Any CPU
		{D9A3876D-26A5-4C56-A126-D4B5ED575C1B}.Release|x86.Build.0 = Release|Any CPU
		{5BC1E1F1-C3C0-486A-B390-E6F55E8F2632}.Debug|Any CPU.ActiveCfg = Debug|Any CPU
		{5BC1E1F1-C3C0-486A-B390-E6F55E8F2632}.Debug|Any CPU.Build.0 = Debug|Any CPU
		{5BC1E1F1-C3C0-486A-B390-E6F55E8F2632}.Debug|x64.ActiveCfg = Debug|Any CPU
		{5BC1E1F1-C3C0-486A-B390-E6F55E8F2632}.Debug|x64.Build.0 = Debug|Any CPU
		{5BC1E1F1-C3C0-486A-B390-E6F55E8F2632}.Debug|x86.ActiveCfg = Debug|Any CPU
		{5BC1E1F1-C3C0-486A-B390-E6F55E8F2632}.Debug|x86.Build.0 = Debug|Any CPU
		{5BC1E1F1-C3C0-486A-B390-E6F55E8F2632}.Release|Any CPU.ActiveCfg = Release|Any CPU
		{5BC1E1F1-C3C0-486A-B390-E6F55E8F2632}.Release|Any CPU.Build.0 = Release|Any CPU
		{5BC1E1F1-C3C0-486A-B390-E6F55E8F2632}.Release|x64.ActiveCfg = Release|Any CPU
		{5BC1E1F1-C3C0-486A-B390-E6F55E8F2632}.Release|x64.Build.0 = Release|Any CPU
		{5BC1E1F1-C3C0-486A-B390-E6F55E8F2632}.Release|x86.ActiveCfg = Release|Any CPU
		{5BC1E1F1-C3C0-486A-B390-E6F55E8F2632}.Release|x86.Build.0 = Release|Any CPU
		{683A8D1E-8099-417D-A645-D05C2390EB75}.Debug|Any CPU.ActiveCfg = Debug|Any CPU
		{683A8D1E-8099-417D-A645-D05C2390EB75}.Debug|Any CPU.Build.0 = Debug|Any CPU
		{683A8D1E-8099-417D-A645-D05C2390EB75}.Debug|x64.ActiveCfg = Debug|Any CPU
		{683A8D1E-8099-417D-A645-D05C2390EB75}.Debug|x64.Build.0 = Debug|Any CPU
		{683A8D1E-8099-417D-A645-D05C2390EB75}.Debug|x86.ActiveCfg = Debug|Any CPU
		{683A8D1E-8099-417D-A645-D05C2390EB75}.Debug|x86.Build.0 = Debug|Any CPU
		{683A8D1E-8099-417D-A645-D05C2390EB75}.Release|Any CPU.ActiveCfg = Release|Any CPU
		{683A8D1E-8099-417D-A645-D05C2390EB75}.Release|Any CPU.Build.0 = Release|Any CPU
		{683A8D1E-8099-417D-A645-D05C2390EB75}.Release|x64.ActiveCfg = Release|Any CPU
		{683A8D1E-8099-417D-A645-D05C2390EB75}.Release|x64.Build.0 = Release|Any CPU
		{683A8D1E-8099-417D-A645-D05C2390EB75}.Release|x86.ActiveCfg = Release|Any CPU
		{683A8D1E-8099-417D-A645-D05C2390EB75}.Release|x86.Build.0 = Release|Any CPU
		{7B1E8711-9C2F-4292-AA6B-8FF8DB485ED6}.Debug|Any CPU.ActiveCfg = Debug|Any CPU
		{7B1E8711-9C2F-4292-AA6B-8FF8DB485ED6}.Debug|Any CPU.Build.0 = Debug|Any CPU
		{7B1E8711-9C2F-4292-AA6B-8FF8DB485ED6}.Debug|x64.ActiveCfg = Debug|Any CPU
		{7B1E8711-9C2F-4292-AA6B-8FF8DB485ED6}.Debug|x64.Build.0 = Debug|Any CPU
		{7B1E8711-9C2F-4292-AA6B-8FF8DB485ED6}.Debug|x86.ActiveCfg = Debug|Any CPU
		{7B1E8711-9C2F-4292-AA6B-8FF8DB485ED6}.Debug|x86.Build.0 = Debug|Any CPU
		{7B1E8711-9C2F-4292-AA6B-8FF8DB485ED6}.Release|Any CPU.ActiveCfg = Release|Any CPU
		{7B1E8711-9C2F-4292-AA6B-8FF8DB485ED6}.Release|Any CPU.Build.0 = Release|Any CPU
		{7B1E8711-9C2F-4292-AA6B-8FF8DB485ED6}.Release|x64.ActiveCfg = Release|Any CPU
		{7B1E8711-9C2F-4292-AA6B-8FF8DB485ED6}.Release|x64.Build.0 = Release|Any CPU
		{7B1E8711-9C2F-4292-AA6B-8FF8DB485ED6}.Release|x86.ActiveCfg = Release|Any CPU
		{7B1E8711-9C2F-4292-AA6B-8FF8DB485ED6}.Release|x86.Build.0 = Release|Any CPU
		{73392ED8-3999-4E56-A762-193FDB2F4779}.Debug|Any CPU.ActiveCfg = Debug|Any CPU
		{73392ED8-3999-4E56-A762-193FDB2F4779}.Debug|Any CPU.Build.0 = Debug|Any CPU
		{73392ED8-3999-4E56-A762-193FDB2F4779}.Debug|x64.ActiveCfg = Debug|Any CPU
		{73392ED8-3999-4E56-A762-193FDB2F4779}.Debug|x64.Build.0 = Debug|Any CPU
		{73392ED8-3999-4E56-A762-193FDB2F4779}.Debug|x86.ActiveCfg = Debug|Any CPU
		{73392ED8-3999-4E56-A762-193FDB2F4779}.Debug|x86.Build.0 = Debug|Any CPU
		{73392ED8-3999-4E56-A762-193FDB2F4779}.Release|Any CPU.ActiveCfg = Release|Any CPU
		{73392ED8-3999-4E56-A762-193FDB2F4779}.Release|Any CPU.Build.0 = Release|Any CPU
		{73392ED8-3999-4E56-A762-193FDB2F4779}.Release|x64.ActiveCfg = Release|Any CPU
		{73392ED8-3999-4E56-A762-193FDB2F4779}.Release|x64.Build.0 = Release|Any CPU
		{73392ED8-3999-4E56-A762-193FDB2F4779}.Release|x86.ActiveCfg = Release|Any CPU
		{73392ED8-3999-4E56-A762-193FDB2F4779}.Release|x86.Build.0 = Release|Any CPU
		{C0D8EA85-6EDD-4E1C-A888-6BBB484E2D95}.Debug|Any CPU.ActiveCfg = Debug|Any CPU
		{C0D8EA85-6EDD-4E1C-A888-6BBB484E2D95}.Debug|Any CPU.Build.0 = Debug|Any CPU
		{C0D8EA85-6EDD-4E1C-A888-6BBB484E2D95}.Debug|x64.ActiveCfg = Debug|Any CPU
		{C0D8EA85-6EDD-4E1C-A888-6BBB484E2D95}.Debug|x64.Build.0 = Debug|Any CPU
		{C0D8EA85-6EDD-4E1C-A888-6BBB484E2D95}.Debug|x86.ActiveCfg = Debug|Any CPU
		{C0D8EA85-6EDD-4E1C-A888-6BBB484E2D95}.Debug|x86.Build.0 = Debug|Any CPU
		{C0D8EA85-6EDD-4E1C-A888-6BBB484E2D95}.Release|Any CPU.ActiveCfg = Release|Any CPU
		{C0D8EA85-6EDD-4E1C-A888-6BBB484E2D95}.Release|Any CPU.Build.0 = Release|Any CPU
		{C0D8EA85-6EDD-4E1C-A888-6BBB484E2D95}.Release|x64.ActiveCfg = Release|Any CPU
		{C0D8EA85-6EDD-4E1C-A888-6BBB484E2D95}.Release|x64.Build.0 = Release|Any CPU
		{C0D8EA85-6EDD-4E1C-A888-6BBB484E2D95}.Release|x86.ActiveCfg = Release|Any CPU
		{C0D8EA85-6EDD-4E1C-A888-6BBB484E2D95}.Release|x86.Build.0 = Release|Any CPU
		{98E0B2EB-BFD2-4207-AAEC-FDD62BB175E1}.Debug|Any CPU.ActiveCfg = Debug|Any CPU
		{98E0B2EB-BFD2-4207-AAEC-FDD62BB175E1}.Debug|Any CPU.Build.0 = Debug|Any CPU
		{98E0B2EB-BFD2-4207-AAEC-FDD62BB175E1}.Debug|x64.ActiveCfg = Debug|Any CPU
		{98E0B2EB-BFD2-4207-AAEC-FDD62BB175E1}.Debug|x64.Build.0 = Debug|Any CPU
		{98E0B2EB-BFD2-4207-AAEC-FDD62BB175E1}.Debug|x86.ActiveCfg = Debug|Any CPU
		{98E0B2EB-BFD2-4207-AAEC-FDD62BB175E1}.Debug|x86.Build.0 = Debug|Any CPU
		{98E0B2EB-BFD2-4207-AAEC-FDD62BB175E1}.Release|Any CPU.ActiveCfg = Release|Any CPU
		{98E0B2EB-BFD2-4207-AAEC-FDD62BB175E1}.Release|Any CPU.Build.0 = Release|Any CPU
		{98E0B2EB-BFD2-4207-AAEC-FDD62BB175E1}.Release|x64.ActiveCfg = Release|Any CPU
		{98E0B2EB-BFD2-4207-AAEC-FDD62BB175E1}.Release|x64.Build.0 = Release|Any CPU
		{98E0B2EB-BFD2-4207-AAEC-FDD62BB175E1}.Release|x86.ActiveCfg = Release|Any CPU
		{98E0B2EB-BFD2-4207-AAEC-FDD62BB175E1}.Release|x86.Build.0 = Release|Any CPU
	EndGlobalSection
EndGlobal
